
Microsoft Visual Studio Solution File, Format Version 12.00
# Visual Studio Version 17
VisualStudioVersion = 17.0.31919.166
MinimumVisualStudioVersion = 10.0.40219.1
Project("{FAE04EC0-301F-11D3-BF4B-00C04F79EFBC}") = "WebApp", "WebApp\WebApp.csproj", "{F14F1DF0-6104-430C-8B56-568FABA32382}"
EndProject
Project("{FAE04EC0-301F-11D3-BF4B-00C04F79EFBC}") = "ClientWS", "ClientWebSocket\ClientWS.csproj", "{40C671D5-D125-47F9-BA2F-33EA98A4103E}"
EndProject
Project("{FAE04EC0-301F-11D3-BF4B-00C04F79EFBC}") = "MailApp", "MailApp\MailApp.csproj", "{6F1C2102-5802-4DDB-BAD6-61CBA31F175B}"
EndProject
Project("{FAE04EC0-301F-11D3-BF4B-00C04F79EFBC}") = "PaymentServer", "PaymentServer\PaymentServer.csproj", "{BFA31A95-9BC6-4D5F-8545-C5EBCE2830A5}"
EndProject
Project("{FAE04EC0-301F-11D3-BF4B-00C04F79EFBC}") = "DomainShared", "DomainShared\DomainShared.csproj", "{8A27FE1F-BDF5-4451-B83E-7BFBD85055AF}"
EndProject
Global
	GlobalSection(SolutionConfigurationPlatforms) = preSolution
		Debug|Any CPU = Debug|Any CPU
		Release|Any CPU = Release|Any CPU
	EndGlobalSection
	GlobalSection(ProjectConfigurationPlatforms) = postSolution
		{F14F1DF0-6104-430C-8B56-568FABA32382}.Debug|Any CPU.ActiveCfg = Debug|Any CPU
		{F14F1DF0-6104-430C-8B56-568FABA32382}.Debug|Any CPU.Build.0 = Debug|Any CPU
		{F14F1DF0-6104-430C-8B56-568FABA32382}.Release|Any CPU.ActiveCfg = Release|Any CPU
		{F14F1DF0-6104-430C-8B56-568FABA32382}.Release|Any CPU.Build.0 = Release|Any CPU
		{40C671D5-D125-47F9-BA2F-33EA98A4103E}.Debug|Any CPU.ActiveCfg = Debug|Any CPU
		{40C671D5-D125-47F9-BA2F-33EA98A4103E}.Debug|Any CPU.Build.0 = Debug|Any CPU
		{40C671D5-D125-47F9-BA2F-33EA98A4103E}.Release|Any CPU.ActiveCfg = Release|Any CPU
		{40C671D5-D125-47F9-BA2F-33EA98A4103E}.Release|Any CPU.Build.0 = Release|Any CPU
		{6F1C2102-5802-4DDB-BAD6-61CBA31F175B}.Debug|Any CPU.ActiveCfg = Debug|Any CPU
		{6F1C2102-5802-4DDB-BAD6-61CBA31F175B}.Debug|Any CPU.Build.0 = Debug|Any CPU
		{6F1C2102-5802-4DDB-BAD6-61CBA31F175B}.Release|Any CPU.ActiveCfg = Release|Any CPU
		{6F1C2102-5802-4DDB-BAD6-61CBA31F175B}.Release|Any CPU.Build.0 = Release|Any CPU
		{BFA31A95-9BC6-4D5F-8545-C5EBCE2830A5}.Debug|Any CPU.ActiveCfg = Debug|Any CPU
		{BFA31A95-9BC6-4D5F-8545-C5EBCE2830A5}.Debug|Any CPU.Build.0 = Debug|Any CPU
		{BFA31A95-9BC6-4D5F-8545-C5EBCE2830A5}.Release|Any CPU.ActiveCfg = Release|Any CPU
		{BFA31A95-9BC6-4D5F-8545-C5EBCE2830A5}.Release|Any CPU.Build.0 = Release|Any CPU
		{8A27FE1F-BDF5-4451-B83E-7BFBD85055AF}.Debug|Any CPU.ActiveCfg = Debug|Any CPU
		{8A27FE1F-BDF5-4451-B83E-7BFBD85055AF}.Debug|Any CPU.Build.0 = Debug|Any CPU
		{8A27FE1F-BDF5-4451-B83E-7BFBD85055AF}.Release|Any CPU.ActiveCfg = Release|Any CPU
		{8A27FE1F-BDF5-4451-B83E-7BFBD85055AF}.Release|Any CPU.Build.0 = Release|Any CPU
	EndGlobalSection
	GlobalSection(SolutionProperties) = preSolution
		HideSolutionNode = FALSE
	EndGlobalSection
	GlobalSection(ExtensibilityGlobals) = postSolution
		SolutionGuid = {11765620-D253-4F1C-9678-F9B17A0E7AEA}
	EndGlobalSection
EndGlobal
